// !$*UTF8*$!
{
	archiveVersion = 1;
	classes = {
	};
	objectVersion = 55;
	objects = {

/* Begin PBXBuildFile section */
		CD7BA3E6283556C600EE4ECB /* AppDelegate.swift in Sources */ = {isa = PBXBuildFile; fileRef = CD7BA3E5283556C600EE4ECB /* AppDelegate.swift */; };
		CD7BA3E8283556C600EE4ECB /* SceneDelegate.swift in Sources */ = {isa = PBXBuildFile; fileRef = CD7BA3E7283556C600EE4ECB /* SceneDelegate.swift */; };
		CD7BA3EA283556C600EE4ECB /* ViewController.swift in Sources */ = {isa = PBXBuildFile; fileRef = CD7BA3E9283556C600EE4ECB /* ViewController.swift */; };
		CD7BA3ED283556C600EE4ECB /* Main.storyboard in Resources */ = {isa = PBXBuildFile; fileRef = CD7BA3EB283556C600EE4ECB /* Main.storyboard */; };
		CD7BA3EF283556C900EE4ECB /* Assets.xcassets in Resources */ = {isa = PBXBuildFile; fileRef = CD7BA3EE283556C900EE4ECB /* Assets.xcassets */; };
		CD7BA3F2283556C900EE4ECB /* LaunchScreen.storyboard in Resources */ = {isa = PBXBuildFile; fileRef = CD7BA3F0283556C900EE4ECB /* LaunchScreen.storyboard */; };
		CD7BA3FC28355E0D00EE4ECB /* MyCollectionViewCell.swift in Sources */ = {isa = PBXBuildFile; fileRef = CD7BA3FA28355E0D00EE4ECB /* MyCollectionViewCell.swift */; };
		CD7BA3FD28355E0D00EE4ECB /* MyCollectionViewCell.xib in Resources */ = {isa = PBXBuildFile; fileRef = CD7BA3FB28355E0D00EE4ECB /* MyCollectionViewCell.xib */; };
		CD7BA40028356B8800EE4ECB /* ForgotPassword.storyboard in Resources */ = {isa = PBXBuildFile; fileRef = CD7BA3FF28356B8800EE4ECB /* ForgotPassword.storyboard */; };
		CD7BA40228356BA400EE4ECB /* ForgotPasswordViewController.swift in Sources */ = {isa = PBXBuildFile; fileRef = CD7BA40128356BA400EE4ECB /* ForgotPasswordViewController.swift */; };
/* End PBXBuildFile section */

/* Begin PBXFileReference section */
		CD7BA3E2283556C600EE4ECB /* moqwalat.app */ = {isa = PBXFileReference; explicitFileType = wrapper.application; includeInIndex = 0; path = moqwalat.app; sourceTree = BUILT_PRODUCTS_DIR; };
		CD7BA3E5283556C600EE4ECB /* AppDelegate.swift */ = {isa = PBXFileReference; lastKnownFileType = sourcecode.swift; path = AppDelegate.swift; sourceTree = "<group>"; };
		CD7BA3E7283556C600EE4ECB /* SceneDelegate.swift */ = {isa = PBXFileReference; lastKnownFileType = sourcecode.swift; path = SceneDelegate.swift; sourceTree = "<group>"; };
		CD7BA3E9283556C600EE4ECB /* ViewController.swift */ = {isa = PBXFileReference; lastKnownFileType = sourcecode.swift; path = ViewController.swift; sourceTree = "<group>"; };
		CD7BA3EC283556C600EE4ECB /* Base */ = {isa = PBXFileReference; lastKnownFileType = file.storyboard; name = Base; path = Base.lproj/Main.storyboard; sourceTree = "<group>"; };
		CD7BA3EE283556C900EE4ECB /* Assets.xcassets */ = {isa = PBXFileReference; lastKnownFileType = folder.assetcatalog; path = Assets.xcassets; sourceTree = "<group>"; };
		CD7BA3F1283556C900EE4ECB /* Base */ = {isa = PBXFileReference; lastKnownFileType = file.storyboard; name = Base; path = Base.lproj/LaunchScreen.storyboard; sourceTree = "<group>"; };
		CD7BA3F3283556C900EE4ECB /* Info.plist */ = {isa = PBXFileReference; lastKnownFileType = text.plist.xml; path = Info.plist; sourceTree = "<group>"; };
		CD7BA3FA28355E0D00EE4ECB /* MyCollectionViewCell.swift */ = {isa = PBXFileReference; lastKnownFileType = sourcecode.swift; path = MyCollectionViewCell.swift; sourceTree = "<group>"; };
		CD7BA3FB28355E0D00EE4ECB /* MyCollectionViewCell.xib */ = {isa = PBXFileReference; lastKnownFileType = file.xib; path = MyCollectionViewCell.xib; sourceTree = "<group>"; };
		CD7BA3FF28356B8800EE4ECB /* ForgotPassword.storyboard */ = {isa = PBXFileReference; lastKnownFileType = file.storyboard; path = ForgotPassword.storyboard; sourceTree = "<group>"; };
		CD7BA40128356BA400EE4ECB /* ForgotPasswordViewController.swift */ = {isa = PBXFileReference; lastKnownFileType = sourcecode.swift; path = ForgotPasswordViewController.swift; sourceTree = "<group>"; };
/* End PBXFileReference section */

/* Begin PBXFrameworksBuildPhase section */
		CD7BA3DF283556C600EE4ECB /* Frameworks */ = {
			isa = PBXFrameworksBuildPhase;
			buildActionMask = 2147483647;
			files = (
			);
			runOnlyForDeploymentPostprocessing = 0;
		};
/* End PBXFrameworksBuildPhase section */

/* Begin PBXGroup section */
		CD7BA3D9283556C600EE4ECB = {
			isa = PBXGroup;
			children = (
				CD7BA3E4283556C600EE4ECB /* moqwalat */,
				CD7BA3E3283556C600EE4ECB /* Products */,
			);
			sourceTree = "<group>";
		};
		CD7BA3E3283556C600EE4ECB /* Products */ = {
			isa = PBXGroup;
			children = (
				CD7BA3E2283556C600EE4ECB /* moqwalat.app */,
			);
			name = Products;
			sourceTree = "<group>";
		};
		CD7BA3E4283556C600EE4ECB /* moqwalat */ = {
			isa = PBXGroup;
			children = (
				CD7BA3FE28356B6300EE4ECB /* ForgotPassword */,
				CD7BA3F928355DF800EE4ECB /* cell */,
				CD7BA3E5283556C600EE4ECB /* AppDelegate.swift */,
				CD7BA3E7283556C600EE4ECB /* SceneDelegate.swift */,
				CD7BA3E9283556C600EE4ECB /* ViewController.swift */,
				CD7BA3EB283556C600EE4ECB /* Main.storyboard */,
				CD7BA3EE283556C900EE4ECB /* Assets.xcassets */,
				CD7BA3F0283556C900EE4ECB /* LaunchScreen.storyboard */,
				CD7BA3F3283556C900EE4ECB /* Info.plist */,
			);
			path = moqwalat;
			sourceTree = "<group>";
		};
		CD7BA3F928355DF800EE4ECB /* cell */ = {
			isa = PBXGroup;
			children = (
				CD7BA3FA28355E0D00EE4ECB /* MyCollectionViewCell.swift */,
				CD7BA3FB28355E0D00EE4ECB /* MyCollectionViewCell.xib */,
			);
			path = cell;
			sourceTree = "<group>";
		};
		CD7BA3FE28356B6300EE4ECB /* ForgotPassword */ = {
			isa = PBXGroup;
			children = (
				CD7BA3FF28356B8800EE4ECB /* ForgotPassword.storyboard */,
				CD7BA40128356BA400EE4ECB /* ForgotPasswordViewController.swift */,
			);
			path = ForgotPassword;
			sourceTree = "<group>";
		};
/* End PBXGroup section */

/* Begin PBXNativeTarget section */
		CD7BA3E1283556C600EE4ECB /* moqwalat */ = {
			isa = PBXNativeTarget;
			buildConfigurationList = CD7BA3F6283556C900EE4ECB /* Build configuration list for PBXNativeTarget "moqwalat" */;
			buildPhases = (
				CD7BA3DE283556C600EE4ECB /* Sources */,
				CD7BA3DF283556C600EE4ECB /* Frameworks */,
				CD7BA3E0283556C600EE4ECB /* Resources */,
			);
			buildRules = (
			);
			dependencies = (
			);
			name = moqwalat;
			productName = moqwalat;
			productReference = CD7BA3E2283556C600EE4ECB /* moqwalat.app */;
			productType = "com.apple.product-type.application";
		};
/* End PBXNativeTarget section */

/* Begin PBXProject section */
		CD7BA3DA283556C600EE4ECB /* Project object */ = {
			isa = PBXProject;
			attributes = {
				BuildIndependentTargetsInParallel = 1;
				LastSwiftUpdateCheck = 1320;
				LastUpgradeCheck = 1320;
				TargetAttributes = {
					CD7BA3E1283556C600EE4ECB = {
						CreatedOnToolsVersion = 13.2.1;
					};
				};
			};
			buildConfigurationList = CD7BA3DD283556C600EE4ECB /* Build configuration list for PBXProject "moqwalat" */;
			compatibilityVersion = "Xcode 13.0";
			developmentRegion = en;
			hasScannedForEncodings = 0;
			knownRegions = (
				en,
				Base,
			);
			mainGroup = CD7BA3D9283556C600EE4ECB;
			productRefGroup = CD7BA3E3283556C600EE4ECB /* Products */;
			projectDirPath = "";
			projectRoot = "";
			targets = (
				CD7BA3E1283556C600EE4ECB /* moqwalat */,
			);
		};
/* End PBXProject section */

/* Begin PBXResourcesBuildPhase section */
		CD7BA3E0283556C600EE4ECB /* Resources */ = {
			isa = PBXResourcesBuildPhase;
			buildActionMask = 2147483647;
			files = (
				CD7BA3F2283556C900EE4ECB /* LaunchScreen.storyboard in Resources */,
				CD7BA3EF283556C900EE4ECB /* Assets.xcassets in Resources */,
				CD7BA40028356B8800EE4ECB /* ForgotPassword.storyboard in Resources */,
				CD7BA3FD28355E0D00EE4ECB /* MyCollectionViewCell.xib in Resources */,
				CD7BA3ED283556C600EE4ECB /* Main.storyboard in Resources */,
			);
			runOnlyForDeploymentPostprocessing = 0;
		};
/* End PBXResourcesBuildPhase section */

/* Begin PBXSourcesBuildPhase section */
		CD7BA3DE283556C600EE4ECB /* Sources */ = {
			isa = PBXSourcesBuildPhase;
			buildActionMask = 2147483647;
			files = (
				CD7BA3EA283556C600EE4ECB /* ViewController.swift in Sources */,
				CD7BA40228356BA400EE4ECB /* ForgotPasswordViewController.swift in Sources */,
				CD7BA3E6283556C600EE4ECB /* AppDelegate.swift in Sources */,
				CD7BA3FC28355E0D00EE4ECB /* MyCollectionViewCell.swift in Sources */,
				CD7BA3E8283556C600EE4ECB /* SceneDelegate.swift in Sources */,
			);
			runOnlyForDeploymentPostprocessing = 0;
		};
/* End PBXSourcesBuildPhase section */

/* Begin PBXVariantGroup section */
		CD7BA3EB283556C600EE4ECB /* Main.storyboard */ = {
			isa = PBXVariantGroup;
			children = (
				CD7BA3EC283556C600EE4ECB /* Base */,
			);
			name = Main.storyboard;
			sourceTree = "<group>";
		};
		CD7BA3F0283556C900EE4ECB /* LaunchScreen.storyboard */ = {
			isa = PBXVariantGroup;
			children = (
				CD7BA3F1283556C900EE4ECB /* Base */,
			);
			name = LaunchScreen.storyboard;
			sourceTree = "<group>";
		};
/* End PBXVariantGroup section */

/* Begin XCBuildConfiguration section */
		CD7BA3F4283556C900EE4ECB /* Debug */ = {
			isa = XCBuildConfiguration;
			buildSettings = {
				ALWAYS_SEARCH_USER_PATHS = NO;
				CLANG_ANALYZER_NONNULL = YES;
				CLANG_ANALYZER_NUMBER_OBJECT_CONVERSION = YES_AGGRESSIVE;
				CLANG_CXX_LANGUAGE_STANDARD = "gnu++17";
				CLANG_CXX_LIBRARY = "libc++";
				CLANG_ENABLE_MODULES = YES;
				CLANG_ENABLE_OBJC_ARC = YES;
				CLANG_ENABLE_OBJC_WEAK = YES;
				CLANG_WARN_BLOCK_CAPTURE_AUTORELEASING = YES;
				CLANG_WARN_BOOL_CONVERSION = YES;
				CLANG_WARN_COMMA = YES;
				CLANG_WARN_CONSTANT_CONVERSION = YES;
				CLANG_WARN_DEPRECATED_OBJC_IMPLEMENTATIONS = YES;
				CLANG_WARN_DIRECT_OBJC_ISA_USAGE = YES_ERROR;
				CLANG_WARN_DOCUMENTATION_COMMENTS = YES;
				CLANG_WARN_EMPTY_BODY = YES;
				CLANG_WARN_ENUM_CONVERSION = YES;
				CLANG_WARN_INFINITE_RECURSION = YES;
				CLANG_WARN_INT_CONVERSION = YES;
				CLANG_WARN_NON_LITERAL_NULL_CONVERSION = YES;
				CLANG_WARN_OBJC_IMPLICIT_RETAIN_SELF = YES;
				CLANG_WARN_OBJC_LITERAL_CONVERSION = YES;
				CLANG_WARN_OBJC_ROOT_CLASS = YES_ERROR;
				CLANG_WARN_QUOTED_INCLUDE_IN_FRAMEWORK_HEADER = YES;
				CLANG_WARN_RANGE_LOOP_ANALYSIS = YES;
				CLANG_WARN_STRICT_PROTOTYPES = YES;
				CLANG_WARN_SUSPICIOUS_MOVE = YES;
				CLANG_WARN_UNGUARDED_AVAILABILITY = YES_AGGRESSIVE;
				CLANG_WARN_UNREACHABLE_CODE = YES;
				CLANG_WARN__DUPLICATE_METHOD_MATCH = YES;
				COPY_PHASE_STRIP = NO;
				DEBUG_INFORMATION_FORMAT = dwarf;
				ENABLE_STRICT_OBJC_MSGSEND = YES;
				ENABLE_TESTABILITY = YES;
				GCC_C_LANGUAGE_STANDARD = gnu11;
				GCC_DYNAMIC_NO_PIC = NO;
				GCC_NO_COMMON_BLOCKS = YES;
				GCC_OPTIMIZATION_LEVEL = 0;
				GCC_PREPROCESSOR_DEFINITIONS = (
					"DEBUG=1",
					"$(inherited)",
				);
				GCC_WARN_64_TO_32_BIT_CONVERSION = YES;
				GCC_WARN_ABOUT_RETURN_TYPE = YES_ERROR;
				GCC_WARN_UNDECLARED_SELECTOR = YES;
				GCC_WARN_UNINITIALIZED_AUTOS = YES_AGGRESSIVE;
				GCC_WARN_UNUSED_FUNCTION = YES;
				GCC_WARN_UNUSED_VARIABLE = YES;
				IPHONEOS_DEPLOYMENT_TARGET = 15.2;
				MTL_ENABLE_DEBUG_INFO = INCLUDE_SOURCE;
				MTL_FAST_MATH = YES;
				ONLY_ACTIVE_ARCH = YES;
				SDKROOT = iphoneos;
				SWIFT_ACTIVE_COMPILATION_CONDITIONS = DEBUG;
				SWIFT_OPTIMIZATION_LEVEL = "-Onone";
			};
			name = Debug;
		};
		CD7BA3F5283556C900EE4ECB /* Release */ = {
			isa = XCBuildConfiguration;
			buildSettings = {
				ALWAYS_SEARCH_USER_PATHS = NO;
				CLANG_ANALYZER_NONNULL = YES;
				CLANG_ANALYZER_NUMBER_OBJECT_CONVERSION = YES_AGGRESSIVE;
				CLANG_CXX_LANGUAGE_STANDARD = "gnu++17";
				CLANG_CXX_LIBRARY = "libc++";
				CLANG_ENABLE_MODULES = YES;
				CLANG_ENABLE_OBJC_ARC = YES;
				CLANG_ENABLE_OBJC_WEAK = YES;
				CLANG_WARN_BLOCK_CAPTURE_AUTORELEASING = YES;
				CLANG_WARN_BOOL_CONVERSION = YES;
				CLANG_WARN_COMMA = YES;
				CLANG_WARN_CONSTANT_CONVERSION = YES;
				CLANG_WARN_DEPRECATED_OBJC_IMPLEMENTATIONS = YES;
				CLANG_WARN_DIRECT_OBJC_ISA_USAGE = YES_ERROR;
				CLANG_WARN_DOCUMENTATION_COMMENTS = YES;
				CLANG_WARN_EMPTY_BODY = YES;
				CLANG_WARN_ENUM_CONVERSION = YES;
				CLANG_WARN_INFINITE_RECURSION = YES;
				CLANG_WARN_INT_CONVERSION = YES;
				CLANG_WARN_NON_LITERAL_NULL_CONVERSION = YES;
				CLANG_WARN_OBJC_IMPLICIT_RETAIN_SELF = YES;
				CLANG_WARN_OBJC_LITERAL_CONVERSION = YES;
				CLANG_WARN_OBJC_ROOT_CLASS = YES_ERROR;
				CLANG_WARN_QUOTED_INCLUDE_IN_FRAMEWORK_HEADER = YES;
				CLANG_WARN_RANGE_LOOP_ANALYSIS = YES;
				CLANG_WARN_STRICT_PROTOTYPES = YES;
				CLANG_WARN_SUSPICIOUS_MOVE = YES;
				CLANG_WARN_UNGUARDED_AVAILABILITY = YES_AGGRESSIVE;
				CLANG_WARN_UNREACHABLE_CODE = YES;
				CLANG_WARN__DUPLICATE_METHOD_MATCH = YES;
				COPY_PHASE_STRIP = NO;
				DEBUG_INFORMATION_FORMAT = "dwarf-with-dsym";
				ENABLE_NS_ASSERTIONS = NO;
				ENABLE_STRICT_OBJC_MSGSEND = YES;
				GCC_C_LANGUAGE_STANDARD = gnu11;
				GCC_NO_COMMON_BLOCKS = YES;
				GCC_WARN_64_TO_32_BIT_CONVERSION = YES;
				GCC_WARN_ABOUT_RETURN_TYPE = YES_ERROR;
				GCC_WARN_UNDECLARED_SELECTOR = YES;
				GCC_WARN_UNINITIALIZED_AUTOS = YES_AGGRESSIVE;
				GCC_WARN_UNUSED_FUNCTION = YES;
				GCC_WARN_UNUSED_VARIABLE = YES;
				IPHONEOS_DEPLOYMENT_TARGET = 15.2;
				MTL_ENABLE_DEBUG_INFO = NO;
				MTL_FAST_MATH = YES;
				SDKROOT = iphoneos;
				SWIFT_COMPILATION_MODE = wholemodule;
				SWIFT_OPTIMIZATION_LEVEL = "-O";
				VALIDATE_PRODUCT = YES;
			};
			name = Release;
		};
		CD7BA3F7283556C900EE4ECB /* Debug */ = {
			isa = XCBuildConfiguration;
			buildSettings = {
				ASSETCATALOG_COMPILER_APPICON_NAME = AppIcon;
				ASSETCATALOG_COMPILER_GLOBAL_ACCENT_COLOR_NAME = AccentColor;
				CODE_SIGN_STYLE = Automatic;
				CURRENT_PROJECT_VERSION = 1;
				DEVELOPMENT_TEAM = L5Y442FJFB;
				GENERATE_INFOPLIST_FILE = YES;
				INFOPLIST_FILE = moqwalat/Info.plist;
				INFOPLIST_KEY_UIApplicationSupportsIndirectInputEvents = YES;
				INFOPLIST_KEY_UILaunchStoryboardName = LaunchScreen;
				INFOPLIST_KEY_UIMainStoryboardFile = Main;
				INFOPLIST_KEY_UISupportedInterfaceOrientations_iPad = "UIInterfaceOrientationPortrait UIInterfaceOrientationPortraitUpsideDown UIInterfaceOrientationLandscapeLeft UIInterfaceOrientationLandscapeRight";
				INFOPLIST_KEY_UISupportedInterfaceOrientations_iPhone = "UIInterfaceOrientationPortrait UIInterfaceOrientationLandscapeLeft UIInterfaceOrientationLandscapeRight";
				LD_RUNPATH_SEARCH_PATHS = (
					"$(inherited)",
					"@executable_path/Frameworks",
				);
				MARKETING_VERSION = 1.0;
				PRODUCT_BUNDLE_IDENTIFIER = ahmednasr.moqwalat;
				PRODUCT_NAME = "$(TARGET_NAME)";
				SWIFT_EMIT_LOC_STRINGS = YES;
				SWIFT_VERSION = 5.0;
				TARGETED_DEVICE_FAMILY = "1,2";
			};
			name = Debug;
		};
		CD7BA3F8283556C900EE4ECB /* Release */ = {
			isa = XCBuildConfiguration;
			buildSettings = {
				ASSETCATALOG_COMPILER_APPICON_NAME = AppIcon;
				ASSETCATALOG_COMPILER_GLOBAL_ACCENT_COLOR_NAME = AccentColor;
				CODE_SIGN_STYLE = Automatic;
				CURRENT_PROJECT_VERSION = 1;
				DEVELOPMENT_TEAM = L5Y442FJFB;
				GENERATE_INFOPLIST_FILE = YES;
				INFOPLIST_FILE = moqwalat/Info.plist;
				INFOPLIST_KEY_UIApplicationSupportsIndirectInputEvents = YES;
				INFOPLIST_KEY_UILaunchStoryboardName = LaunchScreen;
				INFOPLIST_KEY_UIMainStoryboardFile = Main;
				INFOPLIST_KEY_UISupportedInterfaceOrientations_iPad = "UIInterfaceOrientationPortrait UIInterfaceOrientationPortraitUpsideDown UIInterfaceOrientationLandscapeLeft UIInterfaceOrientationLandscapeRight";
				INFOPLIST_KEY_UISupportedInterfaceOrientations_iPhone = "UIInterfaceOrientationPortrait UIInterfaceOrientationLandscapeLeft UIInterfaceOrientationLandscapeRight";
				LD_RUNPATH_SEARCH_PATHS = (
					"$(inherited)",
					"@executable_path/Frameworks",
				);
				MARKETING_VERSION = 1.0;
				PRODUCT_BUNDLE_IDENTIFIER = ahmednasr.moqwalat;
				PRODUCT_NAME = "$(TARGET_NAME)";
				SWIFT_EMIT_LOC_STRINGS = YES;
				SWIFT_VERSION = 5.0;
				TARGETED_DEVICE_FAMILY = "1,2";
			};
			name = Release;
		};
/* End XCBuildConfiguration section */

/* Begin XCConfigurationList section */
		CD7BA3DD283556C600EE4ECB /* Build configuration list for PBXProject "moqwalat" */ = {
			isa = XCConfigurationList;
			buildConfigurations = (
				CD7BA3F4283556C900EE4ECB /* Debug */,
				CD7BA3F5283556C900EE4ECB /* Release */,
			);
			defaultConfigurationIsVisible = 0;
			defaultConfigurationName = Release;
		};
		CD7BA3F6283556C900EE4ECB /* Build configuration list for PBXNativeTarget "moqwalat" */ = {
			isa = XCConfigurationList;
			buildConfigurations = (
				CD7BA3F7283556C900EE4ECB /* Debug */,
				CD7BA3F8283556C900EE4ECB /* Release */,
			);
			defaultConfigurationIsVisible = 0;
			defaultConfigurationName = Release;
		};
/* End XCConfigurationList section */
	};
	rootObject = CD7BA3DA283556C600EE4ECB /* Project object */;
}
